
Microsoft Visual Studio Solution File, Format Version 12.00
# Visual Studio Version 16
VisualStudioVersion = 16.0.31613.86
MinimumVisualStudioVersion = 10.0.40219.1
Project("{FAE04EC0-301F-11D3-BF4B-00C04F79EFBC}") = "FreightFrenzy_Calculator", "FreightFrenzy_Calculator\FreightFrenzy_Calculator.csproj", "{5A5247B8-265F-4B5E-B89B-2B298AFD36D0}"
EndProject
Global
	GlobalSection(SolutionConfigurationPlatforms) = preSolution
		Debug|Any CPU = Debug|Any CPU
		Release|Any CPU = Release|Any CPU
	EndGlobalSection
	GlobalSection(ProjectConfigurationPlatforms) = postSolution
		{5A5247B8-265F-4B5E-B89B-2B298AFD36D0}.Debug|Any CPU.ActiveCfg = Debug|Any CPU
		{5A5247B8-265F-4B5E-B89B-2B298AFD36D0}.Debug|Any CPU.Build.0 = Debug|Any CPU
		{5A5247B8-265F-4B5E-B89B-2B298AFD36D0}.Release|Any CPU.ActiveCfg = Release|Any CPU
		{5A5247B8-265F-4B5E-B89B-2B298AFD36D0}.Release|Any CPU.Build.0 = Release|Any CPU
	EndGlobalSection
	GlobalSection(SolutionProperties) = preSolution
		HideSolutionNode = FALSE
	EndGlobalSection
	GlobalSection(ExtensibilityGlobals) = postSolution
		SolutionGuid = {9B7B7742-B6A1-4EE4-9015-8D1737ADE5E1}
	EndGlobalSection
EndGlobal
